
Microsoft Visual Studio Solution File, Format Version 12.00
# Visual Studio Version 16
VisualStudioVersion = 16.0.30717.126
MinimumVisualStudioVersion = 10.0.40219.1
Project("{2150E333-8FDC-42A3-9474-1A3956D46DE8}") = "test", "test", "{C3CF8C66-A290-46C1-9A22-13A6BA4BA27E}"
EndProject
Project("{2150E333-8FDC-42A3-9474-1A3956D46DE8}") = "Doc", "Doc", "{F897EE6A-EB9C-4CA6-8D01-463671DE3A63}"
EndProject
Project("{2150E333-8FDC-42A3-9474-1A3956D46DE8}") = "src", "src", "{914C0B12-DE23-4895-9AED-0887F9E5E69B}"
EndProject
Project("{9A19103F-16F7-4668-BE54-9A1E7A4F7556}") = "eVendingMachine.Commands", "src\eVendingMachine.Commands\eVendingMachine.Commands.csproj", "{91272078-A33E-4F7E-AE76-9AE610F8B0A3}"
EndProject
Project("{9A19103F-16F7-4668-BE54-9A1E7A4F7556}") = "eVendingMachine.Common.Tools", "src\eVendingMachine.Common.Tools\eVendingMachine.Common.Tools.csproj", "{E50D7E10-72AE-4946-AE87-22F31C5E412D}"
EndProject
Project("{9A19103F-16F7-4668-BE54-9A1E7A4F7556}") = "eVendingMachine.ConsoleApp", "src\eVendingMachine.ConsoleApp\eVendingMachine.ConsoleApp.csproj", "{13707FBD-35B7-4A5E-8C38-9EF7DD8FCC91}"
EndProject
Project("{9A19103F-16F7-4668-BE54-9A1E7A4F7556}") = "eVendingMachine.Data.EF", "src\eVendingMachine.Data.EF\eVendingMachine.Data.EF.csproj", "{F9FD051E-1977-42E1-8A26-ACFD0353AFFE}"
EndProject
Project("{9A19103F-16F7-4668-BE54-9A1E7A4F7556}") = "eVendingMachine.Data.EF.Migrations", "src\eVendingMachine.Data.EF.Migrations\eVendingMachine.Data.EF.Migrations.csproj", "{19C74A69-293D-4189-9272-5ED45BA5BC2F}"
EndProject
Project("{9A19103F-16F7-4668-BE54-9A1E7A4F7556}") = "eVendingMachine.Domain", "src\eVendingMachine.Domain\eVendingMachine.Domain.csproj", "{183BFA79-C59D-433F-BF8F-789102018A79}"
EndProject
Project("{9A19103F-16F7-4668-BE54-9A1E7A4F7556}") = "eVendingMachine.Domain.Service", "src\eVendingMachine.Domain.Service\eVendingMachine.Domain.Service.csproj", "{2130E9F0-BD38-4050-A58E-EED9D836A6EE}"
EndProject
Project("{9A19103F-16F7-4668-BE54-9A1E7A4F7556}") = "eVendingMachine.Dto", "src\eVendingMachine.Dto\eVendingMachine.Dto.csproj", "{E6EBBD30-775E-4247-8811-23EB6F749A50}"
EndProject
Project("{9A19103F-16F7-4668-BE54-9A1E7A4F7556}") = "eVendingMachine.Ioc", "src\eVendingMachine.Ioc\eVendingMachine.Ioc.csproj", "{86766835-6AB8-4DD1-AFBD-8CA4CC54EB53}"
EndProject
Project("{9A19103F-16F7-4668-BE54-9A1E7A4F7556}") = "eVendingMachine.Queries", "src\eVendingMachine.Queries\eVendingMachine.Queries.csproj", "{7DD23674-A91A-4B0E-9E2C-0CDF29732161}"
EndProject
Project("{9A19103F-16F7-4668-BE54-9A1E7A4F7556}") = "eVendingMachine.Web.Api", "src\eVendingMachine.Web.Api\eVendingMachine.Web.Api.csproj", "{2CBBE62B-3761-457B-8C2D-AA457915F396}"
EndProject
Project("{9A19103F-16F7-4668-BE54-9A1E7A4F7556}") = "eVendingMachine.Domain.Tests.Unit", "tests\eVendingMachine.Domain.Tests.Unit\eVendingMachine.Domain.Tests.Unit.csproj", "{A1B76233-3302-48D3-883E-D11F6946C881}"
EndProject
Project("{9A19103F-16F7-4668-BE54-9A1E7A4F7556}") = "eVendingMachine.DomainServices.Tests.Unit", "tests\eVendingMachine.DomainServices.Tests.Unit\eVendingMachine.DomainServices.Tests.Unit.csproj", "{79EDF3BB-2204-4496-88E1-A993DA7230E5}"
EndProject
Project("{9A19103F-16F7-4668-BE54-9A1E7A4F7556}") = "eVendingMachine.Web.Api.Tests.Integration", "tests\eVendingMachine.Web.Api.Tests.Integration\eVendingMachine.Web.Api.Tests.Integration.csproj", "{8A559CCE-66F6-4BA1-B507-4CBB421AFC6C}"
EndProject
Global
	GlobalSection(SolutionConfigurationPlatforms) = preSolution
		Debug|Any CPU = Debug|Any CPU
		Release|Any CPU = Release|Any CPU
	EndGlobalSection
	GlobalSection(ProjectConfigurationPlatforms) = postSolution
		{91272078-A33E-4F7E-AE76-9AE610F8B0A3}.Debug|Any CPU.ActiveCfg = Debug|Any CPU
		{91272078-A33E-4F7E-AE76-9AE610F8B0A3}.Debug|Any CPU.Build.0 = Debug|Any CPU
		{91272078-A33E-4F7E-AE76-9AE610F8B0A3}.Release|Any CPU.ActiveCfg = Release|Any CPU
		{91272078-A33E-4F7E-AE76-9AE610F8B0A3}.Release|Any CPU.Build.0 = Release|Any CPU
		{E50D7E10-72AE-4946-AE87-22F31C5E412D}.Debug|Any CPU.ActiveCfg = Debug|Any CPU
		{E50D7E10-72AE-4946-AE87-22F31C5E412D}.Debug|Any CPU.Build.0 = Debug|Any CPU
		{E50D7E10-72AE-4946-AE87-22F31C5E412D}.Release|Any CPU.ActiveCfg = Release|Any CPU
		{E50D7E10-72AE-4946-AE87-22F31C5E412D}.Release|Any CPU.Build.0 = Release|Any CPU
		{13707FBD-35B7-4A5E-8C38-9EF7DD8FCC91}.Debug|Any CPU.ActiveCfg = Debug|Any CPU
		{13707FBD-35B7-4A5E-8C38-9EF7DD8FCC91}.Debug|Any CPU.Build.0 = Debug|Any CPU
		{13707FBD-35B7-4A5E-8C38-9EF7DD8FCC91}.Release|Any CPU.ActiveCfg = Release|Any CPU
		{13707FBD-35B7-4A5E-8C38-9EF7DD8FCC91}.Release|Any CPU.Build.0 = Release|Any CPU
		{F9FD051E-1977-42E1-8A26-ACFD0353AFFE}.Debug|Any CPU.ActiveCfg = Debug|Any CPU
		{F9FD051E-1977-42E1-8A26-ACFD0353AFFE}.Debug|Any CPU.Build.0 = Debug|Any CPU
		{F9FD051E-1977-42E1-8A26-ACFD0353AFFE}.Release|Any CPU.ActiveCfg = Release|Any CPU
		{F9FD051E-1977-42E1-8A26-ACFD0353AFFE}.Release|Any CPU.Build.0 = Release|Any CPU
		{19C74A69-293D-4189-9272-5ED45BA5BC2F}.Debug|Any CPU.ActiveCfg = Debug|Any CPU
		{19C74A69-293D-4189-9272-5ED45BA5BC2F}.Debug|Any CPU.Build.0 = Debug|Any CPU
		{19C74A69-293D-4189-9272-5ED45BA5BC2F}.Release|Any CPU.ActiveCfg = Release|Any CPU
		{19C74A69-293D-4189-9272-5ED45BA5BC2F}.Release|Any CPU.Build.0 = Release|Any CPU
		{183BFA79-C59D-433F-BF8F-789102018A79}.Debug|Any CPU.ActiveCfg = Debug|Any CPU
		{183BFA79-C59D-433F-BF8F-789102018A79}.Debug|Any CPU.Build.0 = Debug|Any CPU
		{183BFA79-C59D-433F-BF8F-789102018A79}.Release|Any CPU.ActiveCfg = Release|Any CPU
		{183BFA79-C59D-433F-BF8F-789102018A79}.Release|Any CPU.Build.0 = Release|Any CPU
		{2130E9F0-BD38-4050-A58E-EED9D836A6EE}.Debug|Any CPU.ActiveCfg = Debug|Any CPU
		{2130E9F0-BD38-4050-A58E-EED9D836A6EE}.Debug|Any CPU.Build.0 = Debug|Any CPU
		{2130E9F0-BD38-4050-A58E-EED9D836A6EE}.Release|Any CPU.ActiveCfg = Release|Any CPU
		{2130E9F0-BD38-4050-A58E-EED9D836A6EE}.Release|Any CPU.Build.0 = Release|Any CPU
		{E6EBBD30-775E-4247-8811-23EB6F749A50}.Debug|Any CPU.ActiveCfg = Debug|Any CPU
		{E6EBBD30-775E-4247-8811-23EB6F749A50}.Debug|Any CPU.Build.0 = Debug|Any CPU
		{E6EBBD30-775E-4247-8811-23EB6F749A50}.Release|Any CPU.ActiveCfg = Release|Any CPU
		{E6EBBD30-775E-4247-8811-23EB6F749A50}.Release|Any CPU.Build.0 = Release|Any CPU
		{86766835-6AB8-4DD1-AFBD-8CA4CC54EB53}.Debug|Any CPU.ActiveCfg = Debug|Any CPU
		{86766835-6AB8-4DD1-AFBD-8CA4CC54EB53}.Debug|Any CPU.Build.0 = Debug|Any CPU
		{86766835-6AB8-4DD1-AFBD-8CA4CC54EB53}.Release|Any CPU.ActiveCfg = Release|Any CPU
		{86766835-6AB8-4DD1-AFBD-8CA4CC54EB53}.Release|Any CPU.Build.0 = Release|Any CPU
		{7DD23674-A91A-4B0E-9E2C-0CDF29732161}.Debug|Any CPU.ActiveCfg = Debug|Any CPU
		{7DD23674-A91A-4B0E-9E2C-0CDF29732161}.Debug|Any CPU.Build.0 = Debug|Any CPU
		{7DD23674-A91A-4B0E-9E2C-0CDF29732161}.Release|Any CPU.ActiveCfg = Release|Any CPU
		{7DD23674-A91A-4B0E-9E2C-0CDF29732161}.Release|Any CPU.Build.0 = Release|Any CPU
		{2CBBE62B-3761-457B-8C2D-AA457915F396}.Debug|Any CPU.ActiveCfg = Debug|Any CPU
		{2CBBE62B-3761-457B-8C2D-AA457915F396}.Debug|Any CPU.Build.0 = Debug|Any CPU
		{2CBBE62B-3761-457B-8C2D-AA457915F396}.Release|Any CPU.ActiveCfg = Release|Any CPU
		{2CBBE62B-3761-457B-8C2D-AA457915F396}.Release|Any CPU.Build.0 = Release|Any CPU
		{A1B76233-3302-48D3-883E-D11F6946C881}.Debug|Any CPU.ActiveCfg = Debug|Any CPU
		{A1B76233-3302-48D3-883E-D11F6946C881}.Debug|Any CPU.Build.0 = Debug|Any CPU
		{A1B76233-3302-48D3-883E-D11F6946C881}.Release|Any CPU.ActiveCfg = Release|Any CPU
		{A1B76233-3302-48D3-883E-D11F6946C881}.Release|Any CPU.Build.0 = Release|Any CPU
		{79EDF3BB-2204-4496-88E1-A993DA7230E5}.Debug|Any CPU.ActiveCfg = Debug|Any CPU
		{79EDF3BB-2204-4496-88E1-A993DA7230E5}.Debug|Any CPU.Build.0 = Debug|Any CPU
		{79EDF3BB-2204-4496-88E1-A993DA7230E5}.Release|Any CPU.ActiveCfg = Release|Any CPU
		{79EDF3BB-2204-4496-88E1-A993DA7230E5}.Release|Any CPU.Build.0 = Release|Any CPU
		{8A559CCE-66F6-4BA1-B507-4CBB421AFC6C}.Debug|Any CPU.ActiveCfg = Debug|Any CPU
		{8A559CCE-66F6-4BA1-B507-4CBB421AFC6C}.Debug|Any CPU.Build.0 = Debug|Any CPU
		{8A559CCE-66F6-4BA1-B507-4CBB421AFC6C}.Release|Any CPU.ActiveCfg = Release|Any CPU
		{8A559CCE-66F6-4BA1-B507-4CBB421AFC6C}.Release|Any CPU.Build.0 = Release|Any CPU
	EndGlobalSection
	GlobalSection(SolutionProperties) = preSolution
		HideSolutionNode = FALSE
	EndGlobalSection
	GlobalSection(NestedProjects) = preSolution
		{91272078-A33E-4F7E-AE76-9AE610F8B0A3} = {914C0B12-DE23-4895-9AED-0887F9E5E69B}
		{E50D7E10-72AE-4946-AE87-22F31C5E412D} = {914C0B12-DE23-4895-9AED-0887F9E5E69B}
		{13707FBD-35B7-4A5E-8C38-9EF7DD8FCC91} = {914C0B12-DE23-4895-9AED-0887F9E5E69B}
		{F9FD051E-1977-42E1-8A26-ACFD0353AFFE} = {914C0B12-DE23-4895-9AED-0887F9E5E69B}
		{19C74A69-293D-4189-9272-5ED45BA5BC2F} = {914C0B12-DE23-4895-9AED-0887F9E5E69B}
		{183BFA79-C59D-433F-BF8F-789102018A79} = {914C0B12-DE23-4895-9AED-0887F9E5E69B}
		{2130E9F0-BD38-4050-A58E-EED9D836A6EE} = {914C0B12-DE23-4895-9AED-0887F9E5E69B}
		{E6EBBD30-775E-4247-8811-23EB6F749A50} = {914C0B12-DE23-4895-9AED-0887F9E5E69B}
		{86766835-6AB8-4DD1-AFBD-8CA4CC54EB53} = {914C0B12-DE23-4895-9AED-0887F9E5E69B}
		{7DD23674-A91A-4B0E-9E2C-0CDF29732161} = {914C0B12-DE23-4895-9AED-0887F9E5E69B}
		{2CBBE62B-3761-457B-8C2D-AA457915F396} = {914C0B12-DE23-4895-9AED-0887F9E5E69B}
		{A1B76233-3302-48D3-883E-D11F6946C881} = {C3CF8C66-A290-46C1-9A22-13A6BA4BA27E}
		{79EDF3BB-2204-4496-88E1-A993DA7230E5} = {C3CF8C66-A290-46C1-9A22-13A6BA4BA27E}
		{8A559CCE-66F6-4BA1-B507-4CBB421AFC6C} = {C3CF8C66-A290-46C1-9A22-13A6BA4BA27E}
	EndGlobalSection
	GlobalSection(ExtensibilityGlobals) = postSolution
		SolutionGuid = {6D361E59-9064-4700-BA51-69E4310268E7}
	EndGlobalSection
EndGlobal
